
Microsoft Visual Studio Solution File, Format Version 12.00
# Visual Studio Version 16
VisualStudioVersion = 16.0.810.3
MinimumVisualStudioVersion = 10.0.40219.1
Project("{FAE04EC0-301F-11D3-BF4B-00C04F79EFBC}") = "StellaLiga.Android", "StellaLiga.Android\StellaLiga.Android.csproj", "{5E540058-55F3-43A2-B81B-A7E1A5F1C6E9}"
EndProject
Project("{FAE04EC0-301F-11D3-BF4B-00C04F79EFBC}") = "StellaLiga.iOS", "StellaLiga.iOS\StellaLiga.iOS.csproj", "{33896DCA-FCAD-4AAC-82DE-2EC9717CE979}"
EndProject
Project("{FAE04EC0-301F-11D3-BF4B-00C04F79EFBC}") = "StellaLiga", "StellaLiga\StellaLiga.csproj", "{7063E3C2-C0E9-46EF-A6B2-4D1191586F19}"
EndProject
Global
	GlobalSection(SolutionConfigurationPlatforms) = preSolution
		Debug|Any CPU = Debug|Any CPU
		Release|Any CPU = Release|Any CPU
		Debug|iPhoneSimulator = Debug|iPhoneSimulator
		Release|iPhoneSimulator = Release|iPhoneSimulator
		Debug|iPhone = Debug|iPhone
		Release|iPhone = Release|iPhone
	EndGlobalSection
	GlobalSection(ProjectConfigurationPlatforms) = postSolution
		{5E540058-55F3-43A2-B81B-A7E1A5F1C6E9}.Debug|Any CPU.ActiveCfg = Debug|Any CPU
		{5E540058-55F3-43A2-B81B-A7E1A5F1C6E9}.Debug|Any CPU.Build.0 = Debug|Any CPU
		{5E540058-55F3-43A2-B81B-A7E1A5F1C6E9}.Release|Any CPU.ActiveCfg = Release|Any CPU
		{5E540058-55F3-43A2-B81B-A7E1A5F1C6E9}.Release|Any CPU.Build.0 = Release|Any CPU
		{5E540058-55F3-43A2-B81B-A7E1A5F1C6E9}.Debug|iPhoneSimulator.ActiveCfg = Debug|Any CPU
		{5E540058-55F3-43A2-B81B-A7E1A5F1C6E9}.Debug|iPhoneSimulator.Build.0 = Debug|Any CPU
		{5E540058-55F3-43A2-B81B-A7E1A5F1C6E9}.Release|iPhoneSimulator.ActiveCfg = Release|Any CPU
		{5E540058-55F3-43A2-B81B-A7E1A5F1C6E9}.Release|iPhoneSimulator.Build.0 = Release|Any CPU
		{5E540058-55F3-43A2-B81B-A7E1A5F1C6E9}.Debug|iPhone.ActiveCfg = Debug|Any CPU
		{5E540058-55F3-43A2-B81B-A7E1A5F1C6E9}.Debug|iPhone.Build.0 = Debug|Any CPU
		{5E540058-55F3-43A2-B81B-A7E1A5F1C6E9}.Release|iPhone.ActiveCfg = Release|Any CPU
		{5E540058-55F3-43A2-B81B-A7E1A5F1C6E9}.Release|iPhone.Build.0 = Release|Any CPU
		{33896DCA-FCAD-4AAC-82DE-2EC9717CE979}.Debug|Any CPU.ActiveCfg = Debug|iPhoneSimulator
		{33896DCA-FCAD-4AAC-82DE-2EC9717CE979}.Debug|Any CPU.Build.0 = Debug|iPhoneSimulator
		{33896DCA-FCAD-4AAC-82DE-2EC9717CE979}.Release|Any CPU.ActiveCfg = Release|iPhoneSimulator
		{33896DCA-FCAD-4AAC-82DE-2EC9717CE979}.Release|Any CPU.Build.0 = Release|iPhoneSimulator
		{33896DCA-FCAD-4AAC-82DE-2EC9717CE979}.Debug|iPhoneSimulator.ActiveCfg = Debug|iPhoneSimulator
		{33896DCA-FCAD-4AAC-82DE-2EC9717CE979}.Debug|iPhoneSimulator.Build.0 = Debug|iPhoneSimulator
		{33896DCA-FCAD-4AAC-82DE-2EC9717CE979}.Release|iPhoneSimulator.ActiveCfg = Release|iPhoneSimulator
		{33896DCA-FCAD-4AAC-82DE-2EC9717CE979}.Release|iPhoneSimulator.Build.0 = Release|iPhoneSimulator
		{33896DCA-FCAD-4AAC-82DE-2EC9717CE979}.Debug|iPhone.ActiveCfg = Debug|iPhone
		{33896DCA-FCAD-4AAC-82DE-2EC9717CE979}.Debug|iPhone.Build.0 = Debug|iPhone
		{33896DCA-FCAD-4AAC-82DE-2EC9717CE979}.Release|iPhone.ActiveCfg = Release|iPhone
		{33896DCA-FCAD-4AAC-82DE-2EC9717CE979}.Release|iPhone.Build.0 = Release|iPhone
		{7063E3C2-C0E9-46EF-A6B2-4D1191586F19}.Debug|Any CPU.ActiveCfg = Debug|Any CPU
		{7063E3C2-C0E9-46EF-A6B2-4D1191586F19}.Debug|Any CPU.Build.0 = Debug|Any CPU
		{7063E3C2-C0E9-46EF-A6B2-4D1191586F19}.Release|Any CPU.ActiveCfg = Release|Any CPU
		{7063E3C2-C0E9-46EF-A6B2-4D1191586F19}.Release|Any CPU.Build.0 = Release|Any CPU
		{7063E3C2-C0E9-46EF-A6B2-4D1191586F19}.Debug|iPhoneSimulator.ActiveCfg = Debug|Any CPU
		{7063E3C2-C0E9-46EF-A6B2-4D1191586F19}.Debug|iPhoneSimulator.Build.0 = Debug|Any CPU
		{7063E3C2-C0E9-46EF-A6B2-4D1191586F19}.Release|iPhoneSimulator.ActiveCfg = Release|Any CPU
		{7063E3C2-C0E9-46EF-A6B2-4D1191586F19}.Release|iPhoneSimulator.Build.0 = Release|Any CPU
		{7063E3C2-C0E9-46EF-A6B2-4D1191586F19}.Debug|iPhone.ActiveCfg = Debug|Any CPU
		{7063E3C2-C0E9-46EF-A6B2-4D1191586F19}.Debug|iPhone.Build.0 = Debug|Any CPU
		{7063E3C2-C0E9-46EF-A6B2-4D1191586F19}.Release|iPhone.ActiveCfg = Release|Any CPU
		{7063E3C2-C0E9-46EF-A6B2-4D1191586F19}.Release|iPhone.Build.0 = Release|Any CPU
	EndGlobalSection
	GlobalSection(SolutionProperties) = preSolution
		HideSolutionNode = FALSE
	EndGlobalSection
	GlobalSection(ExtensibilityGlobals) = postSolution
		SolutionGuid = {0EC3F77C-9EE3-440F-90F5-3C1BE1C35F8D}
	EndGlobalSection
EndGlobal
